# @generated by Move, please check-in and do not edit manually.

[move]
version = 3
manifest_digest = "ACDF91CDA7872525B6317E6EE1A886ED03B770817246F4FE91CE975DE61DB9F1"
deps_digest = "F8BBB0CCB2491CA29A3DF03D6F92277A4F3574266507ACD77214D37ECA3F3082"
dependencies = [
  { id = "Iota", name = "Iota" },
]

[[move.package]]
id = "Iota"
source = { git = "https://github.com/iotaledger/iota.git", rev = "develop", subdir = "crates/iota-framework/packages/iota-framework" }

dependencies = [
  { id = "MoveStdlib", name = "MoveStdlib" },
]

[[move.package]]
id = "MoveStdlib"
source = { git = "https://github.com/iotaledger/iota.git", rev = "develop", subdir = "crates/iota-framework/packages/move-stdlib" }

[move.toolchain-version]
compiler-version = "0.12.0-rc"
edition = "2024.beta"
flavor = "iota"

[env]

[env.testnet]
chain-id = "2304aa97"
original-published-id = "0xb67255a32b0e954441df1de8827e40b01c6aadd49188f5720b8b28b2eb15f2f0"
latest-published-id = "0xb67255a32b0e954441df1de8827e40b01c6aadd49188f5720b8b28b2eb15f2f0"
published-version = "1"
